
Microsoft Visual Studio Solution File, Format Version 12.00
# Visual Studio Version 16
VisualStudioVersion = 16.0.31624.102
MinimumVisualStudioVersion = 10.0.40219.1
Project("{9A19103F-16F7-4668-BE54-9A1E7A4F7556}") = "Bubble", "src\Bubble\Bubble.csproj", "{15E5FF65-99E3-4CAB-8E12-01652C7F8E45}"
EndProject
Project("{2150E333-8FDC-42A3-9474-1A3956D46DE8}") = "Config", "Config", "{6DBC8DB4-F10D-4939-A0A1-7917F28E4E47}"
	ProjectSection(SolutionItems) = preProject
		Directory.Build.props = Directory.Build.props
	EndProjectSection
EndProject
Project("{9A19103F-16F7-4668-BE54-9A1E7A4F7556}") = "HelloWorld", "example\HelloWorld\HelloWorld.csproj", "{6FA8EFB0-B7E4-4CBD-8EEB-FD27B32D25AD}"
EndProject
Global
	GlobalSection(SolutionConfigurationPlatforms) = preSolution
		Debug|Any CPU = Debug|Any CPU
		Release|Any CPU = Release|Any CPU
	EndGlobalSection
	GlobalSection(ProjectConfigurationPlatforms) = postSolution
		{15E5FF65-99E3-4CAB-8E12-01652C7F8E45}.Debug|Any CPU.ActiveCfg = Debug|Any CPU
		{15E5FF65-99E3-4CAB-8E12-01652C7F8E45}.Debug|Any CPU.Build.0 = Debug|Any CPU
		{15E5FF65-99E3-4CAB-8E12-01652C7F8E45}.Release|Any CPU.ActiveCfg = Release|Any CPU
		{15E5FF65-99E3-4CAB-8E12-01652C7F8E45}.Release|Any CPU.Build.0 = Release|Any CPU
		{6FA8EFB0-B7E4-4CBD-8EEB-FD27B32D25AD}.Debug|Any CPU.ActiveCfg = Debug|Any CPU
		{6FA8EFB0-B7E4-4CBD-8EEB-FD27B32D25AD}.Debug|Any CPU.Build.0 = Debug|Any CPU
		{6FA8EFB0-B7E4-4CBD-8EEB-FD27B32D25AD}.Release|Any CPU.ActiveCfg = Release|Any CPU
		{6FA8EFB0-B7E4-4CBD-8EEB-FD27B32D25AD}.Release|Any CPU.Build.0 = Release|Any CPU
	EndGlobalSection
	GlobalSection(SolutionProperties) = preSolution
		HideSolutionNode = FALSE
	EndGlobalSection
	GlobalSection(ExtensibilityGlobals) = postSolution
		SolutionGuid = {97BFB6A4-03DA-4A84-A0A4-FB51E07D460D}
	EndGlobalSection
EndGlobal
